
Microsoft Visual Studio Solution File, Format Version 12.00
# Visual Studio 15
VisualStudioVersion = 15.0.27130.2010
MinimumVisualStudioVersion = 10.0.40219.1
Project("{8BC9CEB8-8B4A-11D0-8D11-00A0C91BC942}") = "Darko_Homework_Problem04", "Darko_Homework_Problem04\Darko_Homework_Problem04.vcxproj", "{D6889D7B-26A4-4AB2-805A-DECD107C0370}"
EndProject
Global
	GlobalSection(SolutionConfigurationPlatforms) = preSolution
		Debug|x64 = Debug|x64
		Debug|x86 = Debug|x86
		Release|x64 = Release|x64
		Release|x86 = Release|x86
	EndGlobalSection
	GlobalSection(ProjectConfigurationPlatforms) = postSolution
		{D6889D7B-26A4-4AB2-805A-DECD107C0370}.Debug|x64.ActiveCfg = Debug|x64
		{D6889D7B-26A4-4AB2-805A-DECD107C0370}.Debug|x64.Build.0 = Debug|x64
		{D6889D7B-26A4-4AB2-805A-DECD107C0370}.Debug|x86.ActiveCfg = Debug|Win32
		{D6889D7B-26A4-4AB2-805A-DECD107C0370}.Debug|x86.Build.0 = Debug|Win32
		{D6889D7B-26A4-4AB2-805A-DECD107C0370}.Release|x64.ActiveCfg = Release|x64
		{D6889D7B-26A4-4AB2-805A-DECD107C0370}.Release|x64.Build.0 = Release|x64
		{D6889D7B-26A4-4AB2-805A-DECD107C0370}.Release|x86.ActiveCfg = Release|Win32
		{D6889D7B-26A4-4AB2-805A-DECD107C0370}.Release|x86.Build.0 = Release|Win32
	EndGlobalSection
	GlobalSection(SolutionProperties) = preSolution
		HideSolutionNode = FALSE
	EndGlobalSection
	GlobalSection(ExtensibilityGlobals) = postSolution
		SolutionGuid = {D4B6BE3A-5C1E-479E-A3C6-125D3D9C6E42}
	EndGlobalSection
EndGlobal
